// !$*UTF8*$!
{
	archiveVersion = 1;
	classes = {
	};
	objectVersion = 46;
	objects = {

/* Begin PBXBuildFile section */
		BA1F3233200073DC0042F008 /* AppDelegate.swift in Sources */ = {isa = PBXBuildFile; fileRef = BA1F3232200073DC0042F008 /* AppDelegate.swift */; };
		BA1F3235200073DC0042F008 /* ViewController.swift in Sources */ = {isa = PBXBuildFile; fileRef = BA1F3234200073DC0042F008 /* ViewController.swift */; };
		BA1F3238200073DC0042F008 /* Main.storyboard in Resources */ = {isa = PBXBuildFile; fileRef = BA1F3236200073DC0042F008 /* Main.storyboard */; };
		BA1F323A200073DC0042F008 /* Assets.xcassets in Resources */ = {isa = PBXBuildFile; fileRef = BA1F3239200073DC0042F008 /* Assets.xcassets */; };
		BA1F323D200073DC0042F008 /* LaunchScreen.storyboard in Resources */ = {isa = PBXBuildFile; fileRef = BA1F323B200073DC0042F008 /* LaunchScreen.storyboard */; };
		BA1F3248200074360042F008 /* Artist.swift in Sources */ = {isa = PBXBuildFile; fileRef = BA1F3247200074360042F008 /* Artist.swift */; };
		BA1F324A200075310042F008 /* Genre.swift in Sources */ = {isa = PBXBuildFile; fileRef = BA1F3249200075310042F008 /* Genre.swift */; };
		BA1F324C200075B80042F008 /* Album.swift in Sources */ = {isa = PBXBuildFile; fileRef = BA1F324B200075B80042F008 /* Album.swift */; };
		BA1F324E200078500042F008 /* Song.swift in Sources */ = {isa = PBXBuildFile; fileRef = BA1F324D200078500042F008 /* Song.swift */; };
/* End PBXBuildFile section */

/* Begin PBXFileReference section */
		BA1F322F200073DC0042F008 /* itunesSearch.app */ = {isa = PBXFileReference; explicitFileType = wrapper.application; includeInIndex = 0; path = itunesSearch.app; sourceTree = BUILT_PRODUCTS_DIR; };
		BA1F3232200073DC0042F008 /* AppDelegate.swift */ = {isa = PBXFileReference; lastKnownFileType = sourcecode.swift; path = AppDelegate.swift; sourceTree = "<group>"; };
		BA1F3234200073DC0042F008 /* ViewController.swift */ = {isa = PBXFileReference; lastKnownFileType = sourcecode.swift; path = ViewController.swift; sourceTree = "<group>"; };
		BA1F3237200073DC0042F008 /* Base */ = {isa = PBXFileReference; lastKnownFileType = file.storyboard; name = Base; path = Base.lproj/Main.storyboard; sourceTree = "<group>"; };
		BA1F3239200073DC0042F008 /* Assets.xcassets */ = {isa = PBXFileReference; lastKnownFileType = folder.assetcatalog; path = Assets.xcassets; sourceTree = "<group>"; };
		BA1F323C200073DC0042F008 /* Base */ = {isa = PBXFileReference; lastKnownFileType = file.storyboard; name = Base; path = Base.lproj/LaunchScreen.storyboard; sourceTree = "<group>"; };
		BA1F323E200073DC0042F008 /* Info.plist */ = {isa = PBXFileReference; lastKnownFileType = text.plist.xml; path = Info.plist; sourceTree = "<group>"; };
		BA1F3247200074360042F008 /* Artist.swift */ = {isa = PBXFileReference; fileEncoding = 4; lastKnownFileType = sourcecode.swift; path = Artist.swift; sourceTree = "<group>"; };
		BA1F3249200075310042F008 /* Genre.swift */ = {isa = PBXFileReference; fileEncoding = 4; lastKnownFileType = sourcecode.swift; path = Genre.swift; sourceTree = "<group>"; };
		BA1F324B200075B80042F008 /* Album.swift */ = {isa = PBXFileReference; fileEncoding = 4; lastKnownFileType = sourcecode.swift; path = Album.swift; sourceTree = "<group>"; };
		BA1F324D200078500042F008 /* Song.swift */ = {isa = PBXFileReference; fileEncoding = 4; lastKnownFileType = sourcecode.swift; path = Song.swift; sourceTree = "<group>"; };
/* End PBXFileReference section */

/* Begin PBXFrameworksBuildPhase section */
		BA1F322C200073DC0042F008 /* Frameworks */ = {
			isa = PBXFrameworksBuildPhase;
			buildActionMask = 2147483647;
			files = (
			);
			runOnlyForDeploymentPostprocessing = 0;
		};
/* End PBXFrameworksBuildPhase section */

/* Begin PBXGroup section */
		BA1F3226200073DC0042F008 = {
			isa = PBXGroup;
			children = (
				BA1F3231200073DC0042F008 /* itunesSearch */,
				BA1F3230200073DC0042F008 /* Products */,
			);
			sourceTree = "<group>";
		};
		BA1F3230200073DC0042F008 /* Products */ = {
			isa = PBXGroup;
			children = (
				BA1F322F200073DC0042F008 /* itunesSearch.app */,
			);
			name = Products;
			sourceTree = "<group>";
		};
		BA1F3231200073DC0042F008 /* itunesSearch */ = {
			isa = PBXGroup;
			children = (
				BA1F32462000741C0042F008 /* Views */,
				BA1F3245200074190042F008 /* Controllers */,
				BA1F32442000740B0042F008 /* Models */,
				BA1F3232200073DC0042F008 /* AppDelegate.swift */,
				BA1F3234200073DC0042F008 /* ViewController.swift */,
				BA1F3236200073DC0042F008 /* Main.storyboard */,
				BA1F3239200073DC0042F008 /* Assets.xcassets */,
				BA1F323B200073DC0042F008 /* LaunchScreen.storyboard */,
				BA1F323E200073DC0042F008 /* Info.plist */,
			);
			path = itunesSearch;
			sourceTree = "<group>";
		};
		BA1F32442000740B0042F008 /* Models */ = {
			isa = PBXGroup;
			children = (
				BA1F3247200074360042F008 /* Artist.swift */,
				BA1F3249200075310042F008 /* Genre.swift */,
				BA1F324B200075B80042F008 /* Album.swift */,
				BA1F324D200078500042F008 /* Song.swift */,
			);
			name = Models;
			sourceTree = "<group>";
		};
		BA1F3245200074190042F008 /* Controllers */ = {
			isa = PBXGroup;
			children = (
			);
			name = Controllers;
			sourceTree = "<group>";
		};
		BA1F32462000741C0042F008 /* Views */ = {
			isa = PBXGroup;
			children = (
			);
			name = Views;
			sourceTree = "<group>";
		};
/* End PBXGroup section */

/* Begin PBXNativeTarget section */
		BA1F322E200073DC0042F008 /* itunesSearch */ = {
			isa = PBXNativeTarget;
			buildConfigurationList = BA1F3241200073DC0042F008 /* Build configuration list for PBXNativeTarget "itunesSearch" */;
			buildPhases = (
				BA1F322B200073DC0042F008 /* Sources */,
				BA1F322C200073DC0042F008 /* Frameworks */,
				BA1F322D200073DC0042F008 /* Resources */,
			);
			buildRules = (
			);
			dependencies = (
			);
			name = itunesSearch;
			productName = itunesSearch;
			productReference = BA1F322F200073DC0042F008 /* itunesSearch.app */;
			productType = "com.apple.product-type.application";
		};
/* End PBXNativeTarget section */

/* Begin PBXProject section */
		BA1F3227200073DC0042F008 /* Project object */ = {
			isa = PBXProject;
			attributes = {
				LastSwiftUpdateCheck = 0820;
				LastUpgradeCheck = 0820;
				ORGANIZATIONNAME = "Henry Moran";
				TargetAttributes = {
					BA1F322E200073DC0042F008 = {
						CreatedOnToolsVersion = 8.2.1;
						ProvisioningStyle = Automatic;
					};
				};
			};
			buildConfigurationList = BA1F322A200073DC0042F008 /* Build configuration list for PBXProject "itunesSearch" */;
			compatibilityVersion = "Xcode 3.2";
			developmentRegion = English;
			hasScannedForEncodings = 0;
			knownRegions = (
				en,
				Base,
			);
			mainGroup = BA1F3226200073DC0042F008;
			productRefGroup = BA1F3230200073DC0042F008 /* Products */;
			projectDirPath = "";
			projectRoot = "";
			targets = (
				BA1F322E200073DC0042F008 /* itunesSearch */,
			);
		};
/* End PBXProject section */

/* Begin PBXResourcesBuildPhase section */
		BA1F322D200073DC0042F008 /* Resources */ = {
			isa = PBXResourcesBuildPhase;
			buildActionMask = 2147483647;
			files = (
				BA1F323D200073DC0042F008 /* LaunchScreen.storyboard in Resources */,
				BA1F323A200073DC0042F008 /* Assets.xcassets in Resources */,
				BA1F3238200073DC0042F008 /* Main.storyboard in Resources */,
			);
			runOnlyForDeploymentPostprocessing = 0;
		};
/* End PBXResourcesBuildPhase section */

/* Begin PBXSourcesBuildPhase section */
		BA1F322B200073DC0042F008 /* Sources */ = {
			isa = PBXSourcesBuildPhase;
			buildActionMask = 2147483647;
			files = (
				BA1F324E200078500042F008 /* Song.swift in Sources */,
				BA1F3248200074360042F008 /* Artist.swift in Sources */,
				BA1F3235200073DC0042F008 /* ViewController.swift in Sources */,
				BA1F3233200073DC0042F008 /* AppDelegate.swift in Sources */,
				BA1F324A200075310042F008 /* Genre.swift in Sources */,
				BA1F324C200075B80042F008 /* Album.swift in Sources */,
			);
			runOnlyForDeploymentPostprocessing = 0;
		};
/* End PBXSourcesBuildPhase section */

/* Begin PBXVariantGroup section */
		BA1F3236200073DC0042F008 /* Main.storyboard */ = {
			isa = PBXVariantGroup;
			children = (
				BA1F3237200073DC0042F008 /* Base */,
			);
			name = Main.storyboard;
			sourceTree = "<group>";
		};
		BA1F323B200073DC0042F008 /* LaunchScreen.storyboard */ = {
			isa = PBXVariantGroup;
			children = (
				BA1F323C200073DC0042F008 /* Base */,
			);
			name = LaunchScreen.storyboard;
			sourceTree = "<group>";
		};
/* End PBXVariantGroup section */

/* Begin XCBuildConfiguration section */
		BA1F323F200073DC0042F008 /* Debug */ = {
			isa = XCBuildConfiguration;
			buildSettings = {
				ALWAYS_SEARCH_USER_PATHS = NO;
				CLANG_ANALYZER_NONNULL = YES;
				CLANG_CXX_LANGUAGE_STANDARD = "gnu++0x";
				CLANG_CXX_LIBRARY = "libc++";
				CLANG_ENABLE_MODULES = YES;
				CLANG_ENABLE_OBJC_ARC = YES;
				CLANG_WARN_BOOL_CONVERSION = YES;
				CLANG_WARN_CONSTANT_CONVERSION = YES;
				CLANG_WARN_DIRECT_OBJC_ISA_USAGE = YES_ERROR;
				CLANG_WARN_DOCUMENTATION_COMMENTS = YES;
				CLANG_WARN_EMPTY_BODY = YES;
				CLANG_WARN_ENUM_CONVERSION = YES;
				CLANG_WARN_INFINITE_RECURSION = YES;
				CLANG_WARN_INT_CONVERSION = YES;
				CLANG_WARN_OBJC_ROOT_CLASS = YES_ERROR;
				CLANG_WARN_SUSPICIOUS_MOVE = YES;
				CLANG_WARN_UNREACHABLE_CODE = YES;
				CLANG_WARN__DUPLICATE_METHOD_MATCH = YES;
				"CODE_SIGN_IDENTITY[sdk=iphoneos*]" = "iPhone Developer";
				COPY_PHASE_STRIP = NO;
				DEBUG_INFORMATION_FORMAT = dwarf;
				ENABLE_STRICT_OBJC_MSGSEND = YES;
				ENABLE_TESTABILITY = YES;
				GCC_C_LANGUAGE_STANDARD = gnu99;
				GCC_DYNAMIC_NO_PIC = NO;
				GCC_NO_COMMON_BLOCKS = YES;
				GCC_OPTIMIZATION_LEVEL = 0;
				GCC_PREPROCESSOR_DEFINITIONS = (
					"DEBUG=1",
					"$(inherited)",
				);
				GCC_WARN_64_TO_32_BIT_CONVERSION = YES;
				GCC_WARN_ABOUT_RETURN_TYPE = YES_ERROR;
				GCC_WARN_UNDECLARED_SELECTOR = YES;
				GCC_WARN_UNINITIALIZED_AUTOS = YES_AGGRESSIVE;
				GCC_WARN_UNUSED_FUNCTION = YES;
				GCC_WARN_UNUSED_VARIABLE = YES;
				IPHONEOS_DEPLOYMENT_TARGET = 10.2;
				MTL_ENABLE_DEBUG_INFO = YES;
				ONLY_ACTIVE_ARCH = YES;
				SDKROOT = iphoneos;
				SWIFT_ACTIVE_COMPILATION_CONDITIONS = DEBUG;
				SWIFT_OPTIMIZATION_LEVEL = "-Onone";
			};
			name = Debug;
		};
		BA1F3240200073DC0042F008 /* Release */ = {
			isa = XCBuildConfiguration;
			buildSettings = {
				ALWAYS_SEARCH_USER_PATHS = NO;
				CLANG_ANALYZER_NONNULL = YES;
				CLANG_CXX_LANGUAGE_STANDARD = "gnu++0x";
				CLANG_CXX_LIBRARY = "libc++";
				CLANG_ENABLE_MODULES = YES;
				CLANG_ENABLE_OBJC_ARC = YES;
				CLANG_WARN_BOOL_CONVERSION = YES;
				CLANG_WARN_CONSTANT_CONVERSION = YES;
				CLANG_WARN_DIRECT_OBJC_ISA_USAGE = YES_ERROR;
				CLANG_WARN_DOCUMENTATION_COMMENTS = YES;
				CLANG_WARN_EMPTY_BODY = YES;
				CLANG_WARN_ENUM_CONVERSION = YES;
				CLANG_WARN_INFINITE_RECURSION = YES;
				CLANG_WARN_INT_CONVERSION = YES;
				CLANG_WARN_OBJC_ROOT_CLASS = YES_ERROR;
				CLANG_WARN_SUSPICIOUS_MOVE = YES;
				CLANG_WARN_UNREACHABLE_CODE = YES;
				CLANG_WARN__DUPLICATE_METHOD_MATCH = YES;
				"CODE_SIGN_IDENTITY[sdk=iphoneos*]" = "iPhone Developer";
				COPY_PHASE_STRIP = NO;
				DEBUG_INFORMATION_FORMAT = "dwarf-with-dsym";
				ENABLE_NS_ASSERTIONS = NO;
				ENABLE_STRICT_OBJC_MSGSEND = YES;
				GCC_C_LANGUAGE_STANDARD = gnu99;
				GCC_NO_COMMON_BLOCKS = YES;
				GCC_WARN_64_TO_32_BIT_CONVERSION = YES;
				GCC_WARN_ABOUT_RETURN_TYPE = YES_ERROR;
				GCC_WARN_UNDECLARED_SELECTOR = YES;
				GCC_WARN_UNINITIALIZED_AUTOS = YES_AGGRESSIVE;
				GCC_WARN_UNUSED_FUNCTION = YES;
				GCC_WARN_UNUSED_VARIABLE = YES;
				IPHONEOS_DEPLOYMENT_TARGET = 10.2;
				MTL_ENABLE_DEBUG_INFO = NO;
				SDKROOT = iphoneos;
				SWIFT_OPTIMIZATION_LEVEL = "-Owholemodule";
				VALIDATE_PRODUCT = YES;
			};
			name = Release;
		};
		BA1F3242200073DC0042F008 /* Debug */ = {
			isa = XCBuildConfiguration;
			buildSettings = {
				ASSETCATALOG_COMPILER_APPICON_NAME = AppIcon;
				INFOPLIST_FILE = itunesSearch/Info.plist;
				LD_RUNPATH_SEARCH_PATHS = "$(inherited) @executable_path/Frameworks";
				PRODUCT_BUNDLE_IDENTIFIER = projects.iamhenry.itunesSearch;
				PRODUCT_NAME = "$(TARGET_NAME)";
				SWIFT_VERSION = 3.0;
			};
			name = Debug;
		};
		BA1F3243200073DC0042F008 /* Release */ = {
			isa = XCBuildConfiguration;
			buildSettings = {
				ASSETCATALOG_COMPILER_APPICON_NAME = AppIcon;
				INFOPLIST_FILE = itunesSearch/Info.plist;
				LD_RUNPATH_SEARCH_PATHS = "$(inherited) @executable_path/Frameworks";
				PRODUCT_BUNDLE_IDENTIFIER = projects.iamhenry.itunesSearch;
				PRODUCT_NAME = "$(TARGET_NAME)";
				SWIFT_VERSION = 3.0;
			};
			name = Release;
		};
/* End XCBuildConfiguration section */

/* Begin XCConfigurationList section */
		BA1F322A200073DC0042F008 /* Build configuration list for PBXProject "itunesSearch" */ = {
			isa = XCConfigurationList;
			buildConfigurations = (
				BA1F323F200073DC0042F008 /* Debug */,
				BA1F3240200073DC0042F008 /* Release */,
			);
			defaultConfigurationIsVisible = 0;
			defaultConfigurationName = Release;
		};
		BA1F3241200073DC0042F008 /* Build configuration list for PBXNativeTarget "itunesSearch" */ = {
			isa = XCConfigurationList;
			buildConfigurations = (
				BA1F3242200073DC0042F008 /* Debug */,
				BA1F3243200073DC0042F008 /* Release */,
			);
			defaultConfigurationIsVisible = 0;
		};
/* End XCConfigurationList section */
	};
	rootObject = BA1F3227200073DC0042F008 /* Project object */;
}
